
Microsoft Visual Studio Solution File, Format Version 12.00
# Visual Studio Version 17
VisualStudioVersion = 17.0.31808.319
MinimumVisualStudioVersion = 10.0.40219.1
Project("{FAE04EC0-301F-11D3-BF4B-00C04F79EFBC}") = "GrageApplication", "GrageApplication\GrageApplication.csproj", "{DFFF00FD-B755-4C65-BDB8-CEA00092DEBB}"
EndProject
Project("{2150E333-8FDC-42A3-9474-1A3956D46DE8}") = "Solution Items", "Solution Items", "{FCD6FD16-BD08-42A8-B8EB-2E26B9ABFD5E}"
	ProjectSection(SolutionItems) = preProject
		..\xmltest\xmltest\CreateXMLDatabase.cs = ..\xmltest\xmltest\CreateXMLDatabase.cs
	EndProjectSection
EndProject
Global
	GlobalSection(SolutionConfigurationPlatforms) = preSolution
		Debug|Any CPU = Debug|Any CPU
		Release|Any CPU = Release|Any CPU
	EndGlobalSection
	GlobalSection(ProjectConfigurationPlatforms) = postSolution
		{DFFF00FD-B755-4C65-BDB8-CEA00092DEBB}.Debug|Any CPU.ActiveCfg = Debug|Any CPU
		{DFFF00FD-B755-4C65-BDB8-CEA00092DEBB}.Debug|Any CPU.Build.0 = Debug|Any CPU
		{DFFF00FD-B755-4C65-BDB8-CEA00092DEBB}.Release|Any CPU.ActiveCfg = Release|Any CPU
		{DFFF00FD-B755-4C65-BDB8-CEA00092DEBB}.Release|Any CPU.Build.0 = Release|Any CPU
	EndGlobalSection
	GlobalSection(SolutionProperties) = preSolution
		HideSolutionNode = FALSE
	EndGlobalSection
	GlobalSection(ExtensibilityGlobals) = postSolution
		SolutionGuid = {D1E5DA5B-DFE4-49AE-949D-62E772AE6CF4}
	EndGlobalSection
EndGlobal
